
Microsoft Visual Studio Solution File, Format Version 12.00
# Visual Studio Version 17
VisualStudioVersion = 17.14.36518.9 d17.14
MinimumVisualStudioVersion = 10.0.40219.1
Project("{FAE04EC0-301F-11D3-BF4B-00C04F79EFBC}") = "TestAO1145Api", "TestAO1145Api\TestAO1145Api.csproj", "{A7ABF716-1116-4E6E-BB22-76A258F610D9}"
EndProject
Global
	GlobalSection(SolutionConfigurationPlatforms) = preSolution
		Debug|Any CPU = Debug|Any CPU
		Release|Any CPU = Release|Any CPU
	EndGlobalSection
	GlobalSection(ProjectConfigurationPlatforms) = postSolution
		{A7ABF716-1116-4E6E-BB22-76A258F610D9}.Debug|Any CPU.ActiveCfg = Debug|Any CPU
		{A7ABF716-1116-4E6E-BB22-76A258F610D9}.Debug|Any CPU.Build.0 = Debug|Any CPU
		{A7ABF716-1116-4E6E-BB22-76A258F610D9}.Release|Any CPU.ActiveCfg = Release|Any CPU
		{A7ABF716-1116-4E6E-BB22-76A258F610D9}.Release|Any CPU.Build.0 = Release|Any CPU
	EndGlobalSection
	GlobalSection(SolutionProperties) = preSolution
		HideSolutionNode = FALSE
	EndGlobalSection
	GlobalSection(ExtensibilityGlobals) = postSolution
		SolutionGuid = {1B7A557F-7D8D-4047-8439-BC56DC7C2057}
	EndGlobalSection
EndGlobal
